version = 1
revision = 3
requires-python = "==3.12.*"

[[package]]
name = "attrs"
version = "26.1.0"
source = { registry = "https://pypi.org/simple" }
sdist = { url = "https://files.pythonhosted.org/packages/9a/8e/82a0fe20a541c03148528be8cac2408564a6c9a0cc7e9171802bc1d26985/attrs-26.1.0.tar.gz", hash = "sha256:d03ceb89cb322a8fd706d4fb91940737b6642aa36998fe130a9bc96c985eff32", size = 952055, upload-time = "2026-03-19T14:22:25.026Z" }
wheels = [
    { url = "https://files.pythonhosted.org/packages/64/b4/17d4b0b2a2dc85a6df63d1157e028ed19f90d4cd97c36717afef2bc2f395/attrs-26.1.0-py3-none-any.whl", hash = "sha256:c647aa4a12dfbad9333ca4e71fe62ddc36f4e63b2d260a37a8b83d2f043ac309", size = 67548, upload-time = "2026-03-19T14:22:23.645Z" },
]

[[package]]
name = "jinja2"
version = "3.1.6"
source = { registry = "https://pypi.org/simple" }
dependencies = [
    { name = "markupsafe" },
]
sdist = { url = "https://files.pythonhosted.org/packages/df/bf/f7da0350254c0ed7c72f3e33cef02e048281fec7ecec5f032d4aac52226b/jinja2-3.1.6.tar.gz", hash = "sha256:0137fb05990d35f1275a587e9aee6d56da821fc83491a0fb838183be43f66d6d", size = 245115, upload-time = "2025-03-05T20:05:02.478Z" }
wheels = [
    { url = "https://files.pythonhosted.org/packages/62/a1/3d680cbfd5f4b8f15abc1d571870c5fc3e594bb582bc3b64ea099db13e56/jinja2-3.1.6-py3-none-any.whl", hash = "sha256:85ece4451f492d0c13c5dd7c13a64681a86afae63a5f347908daf103ce6d2f67", size = 134899, upload-time = "2025-03-05T20:05:00.369Z" },
]

[[package]]
name = "jsonschema"
version = "4.26.0"
source = { registry = "https://pypi.org/simple" }
dependencies = [
    { name = "attrs" },
    { name = "jsonschema-specifications" },
    { name = "referencing" },
    { name = "rpds-py" },
]
sdist = { url = "https://files.pythonhosted.org/packages/b3/fc/e067678238fa451312d4c62bf6e6cf5ec56375422aee02f9cb5f909b3047/jsonschema-4.26.0.tar.gz", hash = "sha256:0c26707e2efad8aa1bfc5b7ce170f3fccc2e4918ff85989ba9ffa9facb2be326", size = 366583, upload-time = "2026-01-07T13:41:07.246Z" }
wheels = [
    { url = "https://files.pythonhosted.org/packages/69/90/f63fb5873511e014207a475e2bb4e8b2e570d655b00ac19a9a0ca0a385ee/jsonschema-4.26.0-py3-none-any.whl", hash = "sha256:d489f15263b8d200f8387e64b4c3a75f06629559fb73deb8fdfb525f2dab50ce", size = 90630, upload-time = "2026-01-07T13:41:05.306Z" },
]

[[package]]
name = "jsonschema-specifications"
version = "2025.9.1"
source = { registry = "https://pypi.org/simple" }
dependencies = [
    { name = "referencing" },
]
sdist = { url = "https://files.pythonhosted.org/packages/19/74/a633ee74eb36c44aa6d1095e7cc5569bebf04342ee146178e2d36600708b/jsonschema_specifications-2025.9.1.tar.gz", hash = "sha256:b540987f239e745613c7a9176f3edb72b832a4ac465cf02712288397832b5e8d", size = 32855, upload-time = "2025-09-08T01:34:59.186Z" }
wheels = [
    { url = "https://files.pythonhosted.org/packages/41/45/1a4ed80516f02155c51f51e8cedb3c1902296743db0bbc66608a0db2814f/jsonschema_specifications-2025.9.1-py3-none-any.whl", hash = "sha256:98802fee3a11ee76ecaca44429fda8a41bff98b00a0f2838151b113f210cc6fe", size = 18437, upload-time = "2025-09-08T01:34:57.871Z" },
]

[[package]]
name = "linkify-it-py"
version = "2.1.0"
source = { registry = "https://pypi.org/simple" }
dependencies = [
    { name = "uc-micro-py" },
]
sdist = { url = "https://files.pythonhosted.org/packages/2e/c9/06ea13676ef354f0af6169587ae292d3e2406e212876a413bf9eece4eb23/linkify_it_py-2.1.0.tar.gz", hash = "sha256:43360231720999c10e9328dc3691160e27a718e280673d444c38d7d3aaa3b98b", size = 29158, upload-time = "2026-03-01T07:48:47.683Z" }
wheels = [
    { url = "https://files.pythonhosted.org/packages/b4/de/88b3be5c31b22333b3ca2f6ff1de4e863d8fe45aaea7485f591970ec1d3e/linkify_it_py-2.1.0-py3-none-any.whl", hash = "sha256:0d252c1594ecba2ecedc444053db5d3a9b7ec1b0dd929c8f1d74dce89f86c05e", size = 19878, upload-time = "2026-03-01T07:48:46.098Z" },
]

[[package]]
name = "llm-ops-kit"
version = "0.9.0b35"
source = { editable = "." }
dependencies = [
    { name = "jinja2" },
    { name = "jsonschema" },
    { name = "rich" },
]

[package.optional-dependencies]
tui = [
    { name = "textual" },
]

[package.metadata]
requires-dist = [
    { name = "jinja2", specifier = ">=3.1,<4" },
    { name = "jsonschema", specifier = ">=4.23,<5" },
    { name = "rich", specifier = ">=13.9,<15" },
    { name = "textual", marker = "extra == 'tui'", specifier = ">=0.89,<2" },
]
provides-extras = ["tui"]

[[package]]
name = "markdown-it-py"
version = "4.2.0"
source = { registry = "https://pypi.org/simple" }
dependencies = [
    { name = "mdurl" },
]
sdist = { url = "https://files.pythonhosted.org/packages/06/ff/7841249c247aa650a76b9ee4bbaeae59370dc8bfd2f6c01f3630c35eb134/markdown_it_py-4.2.0.tar.gz", hash = "sha256:04a21681d6fbb623de53f6f364d352309d4094dd4194040a10fd51833e418d49", size = 82454, upload-time = "2026-05-07T12:08:28.36Z" }
wheels = [
    { url = "https://files.pythonhosted.org/packages/b3/81/4da04ced5a082363ecfa159c010d200ecbd959ae410c10c0264a38cac0f5/markdown_it_py-4.2.0-py3-none-any.whl", hash = "sha256:9f7ebbcd14fe59494226453aed97c1070d83f8d24b6fc3a3bcf9a38092641c4a", size = 91687, upload-time = "2026-05-07T12:08:27.182Z" },
]

[package.optional-dependencies]
linkify = [
    { name = "linkify-it-py" },
]
plugins = [
    { name = "mdit-py-plugins" },
]

[[package]]
name = "markupsafe"
version = "3.0.3"
source = { registry = "https://pypi.org/simple" }
sdist = { url = "https://files.pythonhosted.org/packages/7e/99/7690b6d4034fffd95959cbe0c02de8deb3098cc577c67bb6a24fe5d7caa7/markupsafe-3.0.3.tar.gz", hash = "sha256:722695808f4b6457b320fdc131280796bdceb04ab50fe1795cd540799ebe1698", size = 80313, upload-time = "2025-09-27T18:37:40.426Z" }
wheels = [
    { url = "https://files.pythonhosted.org/packages/5a/72/147da192e38635ada20e0a2e1a51cf8823d2119ce8883f7053879c2199b5/markupsafe-3.0.3-cp312-cp312-macosx_10_13_x86_64.whl", hash = "sha256:d53197da72cc091b024dd97249dfc7794d6a56530370992a5e1a08983ad9230e", size = 11615, upload-time = "2025-09-27T18:36:30.854Z" },
    { url = "https://files.pythonhosted.org/packages/9a/81/7e4e08678a1f98521201c3079f77db69fb552acd56067661f8c2f534a718/markupsafe-3.0.3-cp312-cp312-macosx_11_0_arm64.whl", hash = "sha256:1872df69a4de6aead3491198eaf13810b565bdbeec3ae2dc8780f14458ec73ce", size = 12020, upload-time = "2025-09-27T18:36:31.971Z" },
    { url = "https://files.pythonhosted.org/packages/1e/2c/799f4742efc39633a1b54a92eec4082e4f815314869865d876824c257c1e/markupsafe-3.0.3-cp312-cp312-manylinux2014_aarch64.manylinux_2_17_aarch64.manylinux_2_28_aarch64.whl", hash = "sha256:3a7e8ae81ae39e62a41ec302f972ba6ae23a5c5396c8e60113e9066ef893da0d", size = 24332, upload-time = "2025-09-27T18:36:32.813Z" },
    { url = "https://files.pythonhosted.org/packages/3c/2e/8d0c2ab90a8c1d9a24f0399058ab8519a3279d1bd4289511d74e909f060e/markupsafe-3.0.3-cp312-cp312-manylinux2014_x86_64.manylinux_2_17_x86_64.manylinux_2_28_x86_64.whl", hash = "sha256:d6dd0be5b5b189d31db7cda48b91d7e0a9795f31430b7f271219ab30f1d3ac9d", size = 22947, upload-time = "2025-09-27T18:36:33.86Z" },
    { url = "https://files.pythonhosted.org/packages/2c/54/887f3092a85238093a0b2154bd629c89444f395618842e8b0c41783898ea/markupsafe-3.0.3-cp312-cp312-manylinux_2_31_riscv64.manylinux_2_39_riscv64.whl", hash = "sha256:94c6f0bb423f739146aec64595853541634bde58b2135f27f61c1ffd1cd4d16a", size = 21962, upload-time = "2025-09-27T18:36:35.099Z" },
    { url = "https://files.pythonhosted.org/packages/c9/2f/336b8c7b6f4a4d95e91119dc8521402461b74a485558d8f238a68312f11c/markupsafe-3.0.3-cp312-cp312-musllinux_1_2_aarch64.whl", hash = "sha256:be8813b57049a7dc738189df53d69395eba14fb99345e0a5994914a3864c8a4b", size = 23760, upload-time = "2025-09-27T18:36:36.001Z" },
    { url = "https://files.pythonhosted.org/packages/32/43/67935f2b7e4982ffb50a4d169b724d74b62a3964bc1a9a527f5ac4f1ee2b/markupsafe-3.0.3-cp312-cp312-musllinux_1_2_riscv64.whl", hash = "sha256:83891d0e9fb81a825d9a6d61e3f07550ca70a076484292a70fde82c4b807286f", size = 21529, upload-time = "2025-09-27T18:36:36.906Z" },
    { url = "https://files.pythonhosted.org/packages/89/e0/4486f11e51bbba8b0c041098859e869e304d1c261e59244baa3d295d47b7/markupsafe-3.0.3-cp312-cp312-musllinux_1_2_x86_64.whl", hash = "sha256:77f0643abe7495da77fb436f50f8dab76dbc6e5fd25d39589a0f1fe6548bfa2b", size = 23015, upload-time = "2025-09-27T18:36:37.868Z" },
    { url = "https://files.pythonhosted.org/packages/2f/e1/78ee7a023dac597a5825441ebd17170785a9dab23de95d2c7508ade94e0e/markupsafe-3.0.3-cp312-cp312-win32.whl", hash = "sha256:d88b440e37a16e651bda4c7c2b930eb586fd15ca7406cb39e211fcff3bf3017d", size = 14540, upload-time = "2025-09-27T18:36:38.761Z" },
    { url = "https://files.pythonhosted.org/packages/aa/5b/bec5aa9bbbb2c946ca2733ef9c4ca91c91b6a24580193e891b5f7dbe8e1e/markupsafe-3.0.3-cp312-cp312-win_amd64.whl", hash = "sha256:26a5784ded40c9e318cfc2bdb30fe164bdb8665ded9cd64d500a34fb42067b1c", size = 15105, upload-time = "2025-09-27T18:36:39.701Z" },
    { url = "https://files.pythonhosted.org/packages/e5/f1/216fc1bbfd74011693a4fd837e7026152e89c4bcf3e77b6692fba9923123/markupsafe-3.0.3-cp312-cp312-win_arm64.whl", hash = "sha256:35add3b638a5d900e807944a078b51922212fb3dedb01633a8defc4b01a3c85f", size = 13906, upload-time = "2025-09-27T18:36:40.689Z" },
]

[[package]]
name = "mdit-py-plugins"
version = "0.6.1"
source = { registry = "https://pypi.org/simple" }
dependencies = [
    { name = "markdown-it-py" },
]
sdist = { url = "https://files.pythonhosted.org/packages/59/fc/f8d0863f8862f25602c0404d75568e89fb6b4109804645e5cdfb1be5cf56/mdit_py_plugins-0.6.1.tar.gz", hash = "sha256:a2bca0f039f39dbd35fb74ae1b5f998608c437463371f0ff7f49a19a17a114d0", size = 56114, upload-time = "2026-05-13T09:03:38.91Z" }
wheels = [
    { url = "https://files.pythonhosted.org/packages/a5/69/6da5581c6a7fede7dc261bf4e67d6adca4196f176b43288b55b3db395b6e/mdit_py_plugins-0.6.1-py3-none-any.whl", hash = "sha256:214c82fb2ac524472ab6a5bcab1de80f73b50443e187f401bfd77efbc7c6481d", size = 66663, upload-time = "2026-05-13T09:03:37.76Z" },
]

[[package]]
name = "mdurl"
version = "0.1.2"
source = { registry = "https://pypi.org/simple" }
sdist = { url = "https://files.pythonhosted.org/packages/d6/54/cfe61301667036ec958cb99bd3efefba235e65cdeb9c84d24a8293ba1d90/mdurl-0.1.2.tar.gz", hash = "sha256:bb413d29f5eea38f31dd4754dd7377d4465116fb207585f97bf925588687c1ba", size = 8729, upload-time = "2022-08-14T12:40:10.846Z" }
wheels = [
    { url = "https://files.pythonhosted.org/packages/b3/38/89ba8ad64ae25be8de66a6d463314cf1eb366222074cfda9ee839c56a4b4/mdurl-0.1.2-py3-none-any.whl", hash = "sha256:84008a41e51615a49fc9966191ff91509e3c40b939176e643fd50a5c2196b8f8", size = 9979, upload-time = "2022-08-14T12:40:09.779Z" },
]

[[package]]
name = "platformdirs"
version = "4.10.1"
source = { registry = "https://pypi.org/simple" }
sdist = { url = "https://files.pythonhosted.org/packages/52/cd/4f25b2f95b23f5d2c9c1fe43e49841bff5800562149b2666afc09309aa8f/platformdirs-4.10.1.tar.gz", hash = "sha256:ceab4084426fe6319ce18e86deada8ab1b7487c7aee7040c55e277c9ae793695", size = 31678, upload-time = "2026-07-18T03:53:43.808Z" }
wheels = [
    { url = "https://files.pythonhosted.org/packages/ec/73/6fd0bb9ce84138c3857f12e9de63bc901852975a092d545f18087a204aa2/platformdirs-4.10.1-py3-none-any.whl", hash = "sha256:0e4eff26be2d75293977f7cddc153fd9b8eaa7fb0c7b64ffe4076cb443117443", size = 22906, upload-time = "2026-07-18T03:53:42.576Z" },
]

[[package]]
name = "pygments"
version = "2.20.0"
source = { registry = "https://pypi.org/simple" }
sdist = { url = "https://files.pythonhosted.org/packages/c3/b2/bc9c9196916376152d655522fdcebac55e66de6603a76a02bca1b6414f6c/pygments-2.20.0.tar.gz", hash = "sha256:6757cd03768053ff99f3039c1a36d6c0aa0b263438fcab17520b30a303a82b5f", size = 4955991, upload-time = "2026-03-29T13:29:33.898Z" }
wheels = [
    { url = "https://files.pythonhosted.org/packages/f4/7e/a72dd26f3b0f4f2bf1dd8923c85f7ceb43172af56d63c7383eb62b332364/pygments-2.20.0-py3-none-any.whl", hash = "sha256:81a9e26dd42fd28a23a2d169d86d7ac03b46e2f8b59ed4698fb4785f946d0176", size = 1231151, upload-time = "2026-03-29T13:29:30.038Z" },
]

[[package]]
name = "referencing"
version = "0.37.0"
source = { registry = "https://pypi.org/simple" }
dependencies = [
    { name = "attrs" },
    { name = "rpds-py" },
    { name = "typing-extensions" },
]
sdist = { url = "https://files.pythonhosted.org/packages/22/f5/df4e9027acead3ecc63e50fe1e36aca1523e1719559c499951bb4b53188f/referencing-0.37.0.tar.gz", hash = "sha256:44aefc3142c5b842538163acb373e24cce6632bd54bdb01b21ad5863489f50d8", size = 78036, upload-time = "2025-10-13T15:30:48.871Z" }
wheels = [
    { url = "https://files.pythonhosted.org/packages/2c/58/ca301544e1fa93ed4f80d724bf5b194f6e4b945841c5bfd555878eea9fcb/referencing-0.37.0-py3-none-any.whl", hash = "sha256:381329a9f99628c9069361716891d34ad94af76e461dcb0335825aecc7692231", size = 26766, upload-time = "2025-10-13T15:30:47.625Z" },
]

[[package]]
name = "rich"
version = "14.3.4"
source = { registry = "https://pypi.org/simple" }
dependencies = [
    { name = "markdown-it-py" },
    { name = "pygments" },
]
sdist = { url = "https://files.pythonhosted.org/packages/e9/67/cae617f1351490c25a4b8ac3b8b63a4dda609295d8222bad12242dfdc629/rich-14.3.4.tar.gz", hash = "sha256:817e02727f2b25b40ef56f5aa2217f400c8489f79ca8f46ea2b70dd5e14558a9", size = 230524, upload-time = "2026-04-11T02:57:45.419Z" }
wheels = [
    { url = "https://files.pythonhosted.org/packages/b3/76/6d163cfac87b632216f71879e6b2cf17163f773ff59c00b5ff4900a80fa3/rich-14.3.4-py3-none-any.whl", hash = "sha256:07e7adb4690f68864777b1450859253bed81a99a31ac321ac1817b2313558952", size = 310480, upload-time = "2026-04-11T02:57:47.484Z" },
]

[[package]]
name = "rpds-py"
version = "2026.6.3"
source = { registry = "https://pypi.org/simple" }
sdist = { url = "https://files.pythonhosted.org/packages/aa/2a/9618a122aeb2a169a28b03889a2995fe297588964333d4a7d67bdf46e147/rpds_py-2026.6.3.tar.gz", hash = "sha256:1cebd1337c242e4ec2293e541f712b2da849b29f48f0c293684b71c0632625d4", size = 64051, upload-time = "2026-06-30T07:17:53.009Z" }
wheels = [
    { url = "https://files.pythonhosted.org/packages/5c/be/2e8974163072e7bab7df1a5acd54c4498e75e35d6d18b864d3a9d5dadc92/rpds_py-2026.6.3-cp312-cp312-macosx_10_12_x86_64.whl", hash = "sha256:a0811d33247c3d6128a3001d763f2aa056bb3425204335400ac54f89eec3a0d0", size = 343691, upload-time = "2026-06-30T07:15:14.96Z" },
    { url = "https://files.pythonhosted.org/packages/a4/73/319dfa745dd668efe89309141ded489126461fcecd2b8f3a3cda185129b6/rpds_py-2026.6.3-cp312-cp312-macosx_11_0_arm64.whl", hash = "sha256:538949e262e46caa31ac01bdb3c1e8f642622922cacbabbae6a8445d9dc33eaf", size = 338542, upload-time = "2026-06-30T07:15:16.267Z" },
    { url = "https://files.pythonhosted.org/packages/21/63/4239893be1c4d09b709b1a8f6be4188f0870084ff547f46606b8a75f1b03/rpds_py-2026.6.3-cp312-cp312-manylinux_2_17_aarch64.manylinux2014_aarch64.whl", hash = "sha256:55927d532399c2c646100ff7feb48eaa940ad70f42cd68e1328f3ded9f81ca24", size = 368180, upload-time = "2026-06-30T07:15:17.62Z" },
    { url = "https://files.pythonhosted.org/packages/1c/ca/9c5de382225234ceb37b1844ebdb140db12b2a278bb9efe2fcd19f6c82ce/rpds_py-2026.6.3-cp312-cp312-manylinux_2_17_armv7l.manylinux2014_armv7l.whl", hash = "sha256:f56f1695bc5c0871cbc33dc0130fcf503aab0c57dcc5a6700a4f49eba4f2652e", size = 375067, upload-time = "2026-06-30T07:15:18.952Z" },
    { url = "https://files.pythonhosted.org/packages/87/dc/863f69d1bf04ade34b7fe0d59b9fdf6f0135fe2d7cbca74f1d665589559d/rpds_py-2026.6.3-cp312-cp312-manylinux_2_17_ppc64le.manylinux2014_ppc64le.whl", hash = "sha256:270b293dae9058fc9fcedab50f13cebf46fb8ed1d1d54e0521a9da5d6b211975", size = 490509, upload-time = "2026-06-30T07:15:20.434Z" },
    { url = "https://files.pythonhosted.org/packages/ce/ef/eac16a12048b45ec7c7fa94f2be3438a5f26bf9cc8580b18a1cfd609b7f6/rpds_py-2026.6.3-cp312-cp312-manylinux_2_17_s390x.manylinux2014_s390x.whl", hash = "sha256:127565fead0a10943b282957bd5447804ff3160ad79f2ad2635e6d249e380680", size = 382754, upload-time = "2026-06-30T07:15:21.831Z" },
    { url = "https://files.pythonhosted.org/packages/04/8f/d2f3f532616be4d06c316ef119683e832bd3d41e112bf3a88f4151c95b17/rpds_py-2026.6.3-cp312-cp312-manylinux_2_17_x86_64.manylinux2014_x86_64.whl", hash = "sha256:ecabd69db66de867690f9797f2f8fa27ba501bbc24540cbdbdc649cd15888ba6", size = 366189, upload-time = "2026-06-30T07:15:23.371Z" },
    { url = "https://files.pythonhosted.org/packages/e3/29/41a7b0e98a4b44cd676ab7598419623373eb43b20be68c084935c1a8cf88/rpds_py-2026.6.3-cp312-cp312-manylinux_2_31_riscv64.whl", hash = "sha256:58eadac9cd119677b60e1cf8ac4052f35949d71b8a9e5556efccbe82533cf22a", size = 377750, upload-time = "2026-06-30T07:15:24.659Z" },
    { url = "https://files.pythonhosted.org/packages/2e/05/ecda0bec46f9a1565090bcdc941d023f6a25aff85fda28f89f8d19878152/rpds_py-2026.6.3-cp312-cp312-manylinux_2_5_i686.manylinux1_i686.whl", hash = "sha256:7491ee23305ac3eb59e492b6945881f5cd77a6f731061a3f25b77fd40f9e99a4", size = 395576, upload-time = "2026-06-30T07:15:25.987Z" },
    { url = "https://files.pythonhosted.org/packages/68/a8/6ed52f03ee6cb854ce78785cc9a9a672eb880e83fd7224d471f667d151f1/rpds_py-2026.6.3-cp312-cp312-musllinux_1_2_aarch64.whl", hash = "sha256:2c99f7e8ccb3dd6e3e4bfeac657a7b208c9bac8075f4b078c02d7404c34107fa", size = 543807, upload-time = "2026-06-30T07:15:27.356Z" },
    { url = "https://files.pythonhosted.org/packages/8f/d6/156c0d3eea27ba09b92562ba2364ba124c0a061b199e17eac637cd25a5e2/rpds_py-2026.6.3-cp312-cp312-musllinux_1_2_i686.whl", hash = "sha256:62698275682bf121181861295c9181e789030a2d516071f5b8f3c23c170cd0fc", size = 611187, upload-time = "2026-06-30T07:15:28.931Z" },
    { url = "https://files.pythonhosted.org/packages/f1/31/774212ed989c62f7f310220089f9b0a3fb8f40f5443d1727abd5d9f52bc9/rpds_py-2026.6.3-cp312-cp312-musllinux_1_2_x86_64.whl", hash = "sha256:a214c993455f99a89aaeadc9b21241900037adc9d97203e374d75513c5911822", size = 573030, upload-time = "2026-06-30T07:15:30.553Z" },
    { url = "https://files.pythonhosted.org/packages/c9/50/22f73127a41f1ce4f87fe39aadfb9a126345801c274aa93ae88456249327/rpds_py-2026.6.3-cp312-cp312-win32.whl", hash = "sha256:501f9f04a588d6a09179368c57071301445191767c64e4b52a6aa9871f1ef5ed", size = 202185, upload-time = "2026-06-30T07:15:32.027Z" },
    { url = "https://files.pythonhosted.org/packages/04/3a/f0ee4d4dde9d3b69dedf1b5f74e7a40017046d55052d173e418c6a94f960/rpds_py-2026.6.3-cp312-cp312-win_amd64.whl", hash = "sha256:2c958bf94822e9290a40aaf2a822d4bc5c88099093e3948ad6c571eca9272e5f", size = 220394, upload-time = "2026-06-30T07:15:33.359Z" },
    { url = "https://files.pythonhosted.org/packages/f3/83/3382fe37f809b59f02aac04dbc4e765b480b46ee0227ed516e3bdc4d3dfc/rpds_py-2026.6.3-cp312-cp312-win_arm64.whl", hash = "sha256:22bffe6042b9bcb0822bcd1955ec00e245daf17b4344e4ed8e9551b976b63e96", size = 215753, upload-time = "2026-06-30T07:15:34.778Z" },
]

[[package]]
name = "textual"
version = "1.0.0"
source = { registry = "https://pypi.org/simple" }
dependencies = [
    { name = "markdown-it-py", extra = ["linkify", "plugins"] },
    { name = "platformdirs" },
    { name = "rich" },
    { name = "typing-extensions" },
]
sdist = { url = "https://files.pythonhosted.org/packages/1f/b6/59b1de04bb4dca0f21ed7ba0b19309ed7f3f5de4396edf20cc2855e53085/textual-1.0.0.tar.gz", hash = "sha256:bec9fe63547c1c552569d1b75d309038b7d456c03f86dfa3706ddb099b151399", size = 1532733, upload-time = "2024-12-12T10:42:03.286Z" }
wheels = [
    { url = "https://files.pythonhosted.org/packages/ac/bb/5fb6656c625019cd653d5215237d7cd6e0b12e7eae4195c3d1c91b2136fc/textual-1.0.0-py3-none-any.whl", hash = "sha256:2d4a701781c05104925e463ae370c630567c70c2880e92ab838052e3e23c986f", size = 660456, upload-time = "2024-12-12T10:42:00.375Z" },
]

[[package]]
name = "typing-extensions"
version = "4.16.0"
source = { registry = "https://pypi.org/simple" }
sdist = { url = "https://files.pythonhosted.org/packages/f6/cc/6253133b5bb138fc3306cebfbda2c520f545d36b5be2c7255cc528bb45d6/typing_extensions-4.16.0.tar.gz", hash = "sha256:dc983d19a509c94dba722ee6abd33940f7c05a89e243c47e907eb4db6f1a43e5", size = 113555, upload-time = "2026-07-02T08:40:05.92Z" }
wheels = [
    { url = "https://files.pythonhosted.org/packages/49/d3/b8441a820a491ddfc024b0b0cf0393375b75ea13866d9c66727e54c2fc80/typing_extensions-4.16.0-py3-none-any.whl", hash = "sha256:481caa481374e813c1b176ada14e97f1f67a4539ce9cfeb3f350d78d6370c2e8", size = 45571, upload-time = "2026-07-02T08:40:04.659Z" },
]

[[package]]
name = "uc-micro-py"
version = "2.0.0"
source = { registry = "https://pypi.org/simple" }
sdist = { url = "https://files.pythonhosted.org/packages/78/67/9a363818028526e2d4579334460df777115bdec1bb77c08f9db88f6389f2/uc_micro_py-2.0.0.tar.gz", hash = "sha256:c53691e495c8db60e16ffc4861a35469b0ba0821fe409a8a7a0a71864d33a811", size = 6611, upload-time = "2026-03-01T06:31:27.526Z" }
wheels = [
    { url = "https://files.pythonhosted.org/packages/61/73/d21edf5b204d1467e06500080a50f79d49ef2b997c79123a536d4a17d97c/uc_micro_py-2.0.0-py3-none-any.whl", hash = "sha256:3603a3859af53e5a39bc7677713c78ea6589ff188d70f4fee165db88e22b242c", size = 6383, upload-time = "2026-03-01T06:31:26.257Z" },
]
